
Microsoft Visual Studio Solution File, Format Version 12.00
# Visual Studio Version 17
VisualStudioVersion = 17.3.32825.248
MinimumVisualStudioVersion = 10.0.40219.1
Project("{9A19103F-16F7-4668-BE54-9A1E7A4F7556}") = "MyProject.Repositories", "MyProject.Repository\MyProject.Repositories.csproj", "{766F1218-B0FB-4B6B-85E2-FB9F5C560761}"
EndProject
Project("{9A19103F-16F7-4668-BE54-9A1E7A4F7556}") = "MyProject.Services", "MyProject.Services\MyProject.Services.csproj", "{029A2790-50A0-476C-8B10-4B7699212E2C}"
EndProject
Project("{9A19103F-16F7-4668-BE54-9A1E7A4F7556}") = "MyProject.Context", "MyProject.Context\MyProject.Context.csproj", "{E3517DDC-E93B-423A-B8E4-F2E63AEA1A76}"
EndProject
Project("{9A19103F-16F7-4668-BE54-9A1E7A4F7556}") = "MyProject.Common", "MyProject.Common\MyProject.Common.csproj", "{B99AD435-703D-414F-9CE6-0E5B1CBF31FB}"
EndProject
Project("{FAE04EC0-301F-11D3-BF4B-00C04F79EFBC}") = "MyProject.API", "MyProject.API\MyProject.API.csproj", "{9A5AEC93-78FA-4ABD-8968-A161BA2B4D2A}"
EndProject
Global
	GlobalSection(SolutionConfigurationPlatforms) = preSolution
		Debug|Any CPU = Debug|Any CPU
		Release|Any CPU = Release|Any CPU
	EndGlobalSection
	GlobalSection(ProjectConfigurationPlatforms) = postSolution
		{766F1218-B0FB-4B6B-85E2-FB9F5C560761}.Debug|Any CPU.ActiveCfg = Debug|Any CPU
		{766F1218-B0FB-4B6B-85E2-FB9F5C560761}.Debug|Any CPU.Build.0 = Debug|Any CPU
		{766F1218-B0FB-4B6B-85E2-FB9F5C560761}.Release|Any CPU.ActiveCfg = Release|Any CPU
		{766F1218-B0FB-4B6B-85E2-FB9F5C560761}.Release|Any CPU.Build.0 = Release|Any CPU
		{029A2790-50A0-476C-8B10-4B7699212E2C}.Debug|Any CPU.ActiveCfg = Debug|Any CPU
		{029A2790-50A0-476C-8B10-4B7699212E2C}.Debug|Any CPU.Build.0 = Debug|Any CPU
		{029A2790-50A0-476C-8B10-4B7699212E2C}.Release|Any CPU.ActiveCfg = Release|Any CPU
		{029A2790-50A0-476C-8B10-4B7699212E2C}.Release|Any CPU.Build.0 = Release|Any CPU
		{E3517DDC-E93B-423A-B8E4-F2E63AEA1A76}.Debug|Any CPU.ActiveCfg = Debug|Any CPU
		{E3517DDC-E93B-423A-B8E4-F2E63AEA1A76}.Debug|Any CPU.Build.0 = Debug|Any CPU
		{E3517DDC-E93B-423A-B8E4-F2E63AEA1A76}.Release|Any CPU.ActiveCfg = Release|Any CPU
		{E3517DDC-E93B-423A-B8E4-F2E63AEA1A76}.Release|Any CPU.Build.0 = Release|Any CPU
		{B99AD435-703D-414F-9CE6-0E5B1CBF31FB}.Debug|Any CPU.ActiveCfg = Debug|Any CPU
		{B99AD435-703D-414F-9CE6-0E5B1CBF31FB}.Debug|Any CPU.Build.0 = Debug|Any CPU
		{B99AD435-703D-414F-9CE6-0E5B1CBF31FB}.Release|Any CPU.ActiveCfg = Release|Any CPU
		{B99AD435-703D-414F-9CE6-0E5B1CBF31FB}.Release|Any CPU.Build.0 = Release|Any CPU
		{9A5AEC93-78FA-4ABD-8968-A161BA2B4D2A}.Debug|Any CPU.ActiveCfg = Debug|Any CPU
		{9A5AEC93-78FA-4ABD-8968-A161BA2B4D2A}.Debug|Any CPU.Build.0 = Debug|Any CPU
		{9A5AEC93-78FA-4ABD-8968-A161BA2B4D2A}.Release|Any CPU.ActiveCfg = Release|Any CPU
		{9A5AEC93-78FA-4ABD-8968-A161BA2B4D2A}.Release|Any CPU.Build.0 = Release|Any CPU
	EndGlobalSection
	GlobalSection(SolutionProperties) = preSolution
		HideSolutionNode = FALSE
	EndGlobalSection
	GlobalSection(ExtensibilityGlobals) = postSolution
		SolutionGuid = {19E0EDD4-CB3D-43DD-8E06-55B94EB13AAB}
	EndGlobalSection
EndGlobal
